// !$*UTF8*$!
{
	archiveVersion = 1;
	classes = {
	};
	objectVersion = 77;
	objects = {

/* Begin PBXContainerItemProxy section */
		188936392D1EF8B8006DB0C1 /* PBXContainerItemProxy */ = {
			isa = PBXContainerItemProxy;
			containerPortal = 188936202D1EF8B6006DB0C1 /* Project object */;
			proxyType = 1;
			remoteGlobalIDString = 188936272D1EF8B6006DB0C1;
			remoteInfo = AppleShop;
		};
		188936432D1EF8B8006DB0C1 /* PBXContainerItemProxy */ = {
			isa = PBXContainerItemProxy;
			containerPortal = 188936202D1EF8B6006DB0C1 /* Project object */;
			proxyType = 1;
			remoteGlobalIDString = 188936272D1EF8B6006DB0C1;
			remoteInfo = AppleShop;
		};
/* End PBXContainerItemProxy section */

/* Begin PBXFileReference section */
		188936282D1EF8B6006DB0C1 /* AppleShop.app */ = {isa = PBXFileReference; explicitFileType = wrapper.application; includeInIndex = 0; path = AppleShop.app; sourceTree = BUILT_PRODUCTS_DIR; };
		188936382D1EF8B8006DB0C1 /* AppleShopTests.xctest */ = {isa = PBXFileReference; explicitFileType = wrapper.cfbundle; includeInIndex = 0; path = AppleShopTests.xctest; sourceTree = BUILT_PRODUCTS_DIR; };
		188936422D1EF8B8006DB0C1 /* AppleShopUITests.xctest */ = {isa = PBXFileReference; explicitFileType = wrapper.cfbundle; includeInIndex = 0; path = AppleShopUITests.xctest; sourceTree = BUILT_PRODUCTS_DIR; };
/* End PBXFileReference section */

/* Begin PBXFileSystemSynchronizedRootGroup section */
		1889362A2D1EF8B6006DB0C1 /* AppleShop */ = {
			isa = PBXFileSystemSynchronizedRootGroup;
			path = AppleShop;
			sourceTree = "<group>";
		};
		1889363B2D1EF8B8006DB0C1 /* AppleShopTests */ = {
			isa = PBXFileSystemSynchronizedRootGroup;
			path = AppleShopTests;
			sourceTree = "<group>";
		};
		188936452D1EF8B8006DB0C1 /* AppleShopUITests */ = {
			isa = PBXFileSystemSynchronizedRootGroup;
			path = AppleShopUITests;
			sourceTree = "<group>";
		};
/* End PBXFileSystemSynchronizedRootGroup section */

/* Begin PBXFrameworksBuildPhase section */
		188936252D1EF8B6006DB0C1 /* Frameworks */ = {
			isa = PBXFrameworksBuildPhase;
			buildActionMask = 2147483647;
			files = (
			);
			runOnlyForDeploymentPostprocessing = 0;
		};
		188936352D1EF8B8006DB0C1 /* Frameworks */ = {
			isa = PBXFrameworksBuildPhase;
			buildActionMask = 2147483647;
			files = (
			);
			runOnlyForDeploymentPostprocessing = 0;
		};
		1889363F2D1EF8B8006DB0C1 /* Frameworks */ = {
			isa = PBXFrameworksBuildPhase;
			buildActionMask = 2147483647;
			files = (
			);
			runOnlyForDeploymentPostprocessing = 0;
		};
/* End PBXFrameworksBuildPhase section */

/* Begin PBXGroup section */
		1889361F2D1EF8B6006DB0C1 = {
			isa = PBXGroup;
			children = (
				1889362A2D1EF8B6006DB0C1 /* AppleShop */,
				1889363B2D1EF8B8006DB0C1 /* AppleShopTests */,
				188936452D1EF8B8006DB0C1 /* AppleShopUITests */,
				188936292D1EF8B6006DB0C1 /* Products */,
			);
			sourceTree = "<group>";
		};
		188936292D1EF8B6006DB0C1 /* Products */ = {
			isa = PBXGroup;
			children = (
				188936282D1EF8B6006DB0C1 /* AppleShop.app */,
				188936382D1EF8B8006DB0C1 /* AppleShopTests.xctest */,
				188936422D1EF8B8006DB0C1 /* AppleShopUITests.xctest */,
			);
			name = Products;
			sourceTree = "<group>";
		};
/* End PBXGroup section */

/* Begin PBXNativeTarget section */
		188936272D1EF8B6006DB0C1 /* AppleShop */ = {
			isa = PBXNativeTarget;
			buildConfigurationList = 1889364C2D1EF8B8006DB0C1 /* Build configuration list for PBXNativeTarget "AppleShop" */;
			buildPhases = (
				188936242D1EF8B6006DB0C1 /* Sources */,
				188936252D1EF8B6006DB0C1 /* Frameworks */,
				188936262D1EF8B6006DB0C1 /* Resources */,
			);
			buildRules = (
			);
			dependencies = (
			);
			fileSystemSynchronizedGroups = (
				1889362A2D1EF8B6006DB0C1 /* AppleShop */,
			);
			name = AppleShop;
			packageProductDependencies = (
			);
			productName = AppleShop;
			productReference = 188936282D1EF8B6006DB0C1 /* AppleShop.app */;
			productType = "com.apple.product-type.application";
		};
		188936372D1EF8B8006DB0C1 /* AppleShopTests */ = {
			isa = PBXNativeTarget;
			buildConfigurationList = 1889364F2D1EF8B8006DB0C1 /* Build configuration list for PBXNativeTarget "AppleShopTests" */;
			buildPhases = (
				188936342D1EF8B8006DB0C1 /* Sources */,
				188936352D1EF8B8006DB0C1 /* Frameworks */,
				188936362D1EF8B8006DB0C1 /* Resources */,
			);
			buildRules = (
			);
			dependencies = (
				1889363A2D1EF8B8006DB0C1 /* PBXTargetDependency */,
			);
			fileSystemSynchronizedGroups = (
				1889363B2D1EF8B8006DB0C1 /* AppleShopTests */,
			);
			name = AppleShopTests;
			packageProductDependencies = (
			);
			productName = AppleShopTests;
			productReference = 188936382D1EF8B8006DB0C1 /* AppleShopTests.xctest */;
			productType = "com.apple.product-type.bundle.unit-test";
		};
		188936412D1EF8B8006DB0C1 /* AppleShopUITests */ = {
			isa = PBXNativeTarget;
			buildConfigurationList = 188936522D1EF8B8006DB0C1 /* Build configuration list for PBXNativeTarget "AppleShopUITests" */;
			buildPhases = (
				1889363E2D1EF8B8006DB0C1 /* Sources */,
				1889363F2D1EF8B8006DB0C1 /* Frameworks */,
				188936402D1EF8B8006DB0C1 /* Resources */,
			);
			buildRules = (
			);
			dependencies = (
				188936442D1EF8B8006DB0C1 /* PBXTargetDependency */,
			);
			fileSystemSynchronizedGroups = (
				188936452D1EF8B8006DB0C1 /* AppleShopUITests */,
			);
			name = AppleShopUITests;
			packageProductDependencies = (
			);
			productName = AppleShopUITests;
			productReference = 188936422D1EF8B8006DB0C1 /* AppleShopUITests.xctest */;
			productType = "com.apple.product-type.bundle.ui-testing";
		};
/* End PBXNativeTarget section */

/* Begin PBXProject section */
		188936202D1EF8B6006DB0C1 /* Project object */ = {
			isa = PBXProject;
			attributes = {
				BuildIndependentTargetsInParallel = 1;
				LastSwiftUpdateCheck = 1620;
				LastUpgradeCheck = 1620;
				TargetAttributes = {
					188936272D1EF8B6006DB0C1 = {
						CreatedOnToolsVersion = 16.2;
					};
					188936372D1EF8B8006DB0C1 = {
						CreatedOnToolsVersion = 16.2;
						TestTargetID = 188936272D1EF8B6006DB0C1;
					};
					188936412D1EF8B8006DB0C1 = {
						CreatedOnToolsVersion = 16.2;
						TestTargetID = 188936272D1EF8B6006DB0C1;
					};
				};
			};
			buildConfigurationList = 188936232D1EF8B6006DB0C1 /* Build configuration list for PBXProject "AppleShop" */;
			developmentRegion = en;
			hasScannedForEncodings = 0;
			knownRegions = (
				en,
				Base,
			);
			mainGroup = 1889361F2D1EF8B6006DB0C1;
			minimizedProjectReferenceProxies = 1;
			preferredProjectObjectVersion = 77;
			productRefGroup = 188936292D1EF8B6006DB0C1 /* Products */;
			projectDirPath = "";
			projectRoot = "";
			targets = (
				188936272D1EF8B6006DB0C1 /* AppleShop */,
				188936372D1EF8B8006DB0C1 /* AppleShopTests */,
				188936412D1EF8B8006DB0C1 /* AppleShopUITests */,
			);
		};
/* End PBXProject section */

/* Begin PBXResourcesBuildPhase section */
		188936262D1EF8B6006DB0C1 /* Resources */ = {
			isa = PBXResourcesBuildPhase;
			buildActionMask = 2147483647;
			files = (
			);
			runOnlyForDeploymentPostprocessing = 0;
		};
		188936362D1EF8B8006DB0C1 /* Resources */ = {
			isa = PBXResourcesBuildPhase;
			buildActionMask = 2147483647;
			files = (
			);
			runOnlyForDeploymentPostprocessing = 0;
		};
		188936402D1EF8B8006DB0C1 /* Resources */ = {
			isa = PBXResourcesBuildPhase;
			buildActionMask = 2147483647;
			files = (
			);
			runOnlyForDeploymentPostprocessing = 0;
		};
/* End PBXResourcesBuildPhase section */

/* Begin PBXSourcesBuildPhase section */
		188936242D1EF8B6006DB0C1 /* Sources */ = {
			isa = PBXSourcesBuildPhase;
			buildActionMask = 2147483647;
			files = (
			);
			runOnlyForDeploymentPostprocessing = 0;
		};
		188936342D1EF8B8006DB0C1 /* Sources */ = {
			isa = PBXSourcesBuildPhase;
			buildActionMask = 2147483647;
			files = (
			);
			runOnlyForDeploymentPostprocessing = 0;
		};
		1889363E2D1EF8B8006DB0C1 /* Sources */ = {
			isa = PBXSourcesBuildPhase;
			buildActionMask = 2147483647;
			files = (
			);
			runOnlyForDeploymentPostprocessing = 0;
		};
/* End PBXSourcesBuildPhase section */

/* Begin PBXTargetDependency section */
		1889363A2D1EF8B8006DB0C1 /* PBXTargetDependency */ = {
			isa = PBXTargetDependency;
			target = 188936272D1EF8B6006DB0C1 /* AppleShop */;
			targetProxy = 188936392D1EF8B8006DB0C1 /* PBXContainerItemProxy */;
		};
		188936442D1EF8B8006DB0C1 /* PBXTargetDependency */ = {
			isa = PBXTargetDependency;
			target = 188936272D1EF8B6006DB0C1 /* AppleShop */;
			targetProxy = 188936432D1EF8B8006DB0C1 /* PBXContainerItemProxy */;
		};
/* End PBXTargetDependency section */

/* Begin XCBuildConfiguration section */
		1889364A2D1EF8B8006DB0C1 /* Debug */ = {
			isa = XCBuildConfiguration;
			buildSettings = {
				ALWAYS_SEARCH_USER_PATHS = NO;
				ASSETCATALOG_COMPILER_GENERATE_SWIFT_ASSET_SYMBOL_EXTENSIONS = YES;
				CLANG_ANALYZER_NONNULL = YES;
				CLANG_ANALYZER_NUMBER_OBJECT_CONVERSION = YES_AGGRESSIVE;
				CLANG_CXX_LANGUAGE_STANDARD = "gnu++20";
				CLANG_ENABLE_MODULES = YES;
				CLANG_ENABLE_OBJC_ARC = YES;
				CLANG_ENABLE_OBJC_WEAK = YES;
				CLANG_WARN_BLOCK_CAPTURE_AUTORELEASING = YES;
				CLANG_WARN_BOOL_CONVERSION = YES;
				CLANG_WARN_COMMA = YES;
				CLANG_WARN_CONSTANT_CONVERSION = YES;
				CLANG_WARN_DEPRECATED_OBJC_IMPLEMENTATIONS = YES;
				CLANG_WARN_DIRECT_OBJC_ISA_USAGE = YES_ERROR;
				CLANG_WARN_DOCUMENTATION_COMMENTS = YES;
				CLANG_WARN_EMPTY_BODY = YES;
				CLANG_WARN_ENUM_CONVERSION = YES;
				CLANG_WARN_INFINITE_RECURSION = YES;
				CLANG_WARN_INT_CONVERSION = YES;
				CLANG_WARN_NON_LITERAL_NULL_CONVERSION = YES;
				CLANG_WARN_OBJC_IMPLICIT_RETAIN_SELF = YES;
				CLANG_WARN_OBJC_LITERAL_CONVERSION = YES;
				CLANG_WARN_OBJC_ROOT_CLASS = YES_ERROR;
				CLANG_WARN_QUOTED_INCLUDE_IN_FRAMEWORK_HEADER = YES;
				CLANG_WARN_RANGE_LOOP_ANALYSIS = YES;
				CLANG_WARN_STRICT_PROTOTYPES = YES;
				CLANG_WARN_SUSPICIOUS_MOVE = YES;
				CLANG_WARN_UNGUARDED_AVAILABILITY = YES_AGGRESSIVE;
				CLANG_WARN_UNREACHABLE_CODE = YES;
				CLANG_WARN__DUPLICATE_METHOD_MATCH = YES;
				COPY_PHASE_STRIP = NO;
				DEBUG_INFORMATION_FORMAT = dwarf;
				ENABLE_STRICT_OBJC_MSGSEND = YES;
				ENABLE_TESTABILITY = YES;
				ENABLE_USER_SCRIPT_SANDBOXING = YES;
				GCC_C_LANGUAGE_STANDARD = gnu17;
				GCC_DYNAMIC_NO_PIC = NO;
				GCC_NO_COMMON_BLOCKS = YES;
				GCC_OPTIMIZATION_LEVEL = 0;
				GCC_PREPROCESSOR_DEFINITIONS = (
					"DEBUG=1",
					"$(inherited)",
				);
				GCC_WARN_64_TO_32_BIT_CONVERSION = YES;
				GCC_WARN_ABOUT_RETURN_TYPE = YES_ERROR;
				GCC_WARN_UNDECLARED_SELECTOR = YES;
				GCC_WARN_UNINITIALIZED_AUTOS = YES_AGGRESSIVE;
				GCC_WARN_UNUSED_FUNCTION = YES;
				GCC_WARN_UNUSED_VARIABLE = YES;
				IPHONEOS_DEPLOYMENT_TARGET = 18.2;
				LOCALIZATION_PREFERS_STRING_CATALOGS = YES;
				MTL_ENABLE_DEBUG_INFO = INCLUDE_SOURCE;
				MTL_FAST_MATH = YES;
				ONLY_ACTIVE_ARCH = YES;
				SDKROOT = iphoneos;
				SWIFT_ACTIVE_COMPILATION_CONDITIONS = "DEBUG $(inherited)";
				SWIFT_OPTIMIZATION_LEVEL = "-Onone";
			};
			name = Debug;
		};
		1889364B2D1EF8B8006DB0C1 /* Release */ = {
			isa = XCBuildConfiguration;
			buildSettings = {
				ALWAYS_SEARCH_USER_PATHS = NO;
				ASSETCATALOG_COMPILER_GENERATE_SWIFT_ASSET_SYMBOL_EXTENSIONS = YES;
				CLANG_ANALYZER_NONNULL = YES;
				CLANG_ANALYZER_NUMBER_OBJECT_CONVERSION = YES_AGGRESSIVE;
				CLANG_CXX_LANGUAGE_STANDARD = "gnu++20";
				CLANG_ENABLE_MODULES = YES;
				CLANG_ENABLE_OBJC_ARC = YES;
				CLANG_ENABLE_OBJC_WEAK = YES;
				CLANG_WARN_BLOCK_CAPTURE_AUTORELEASING = YES;
				CLANG_WARN_BOOL_CONVERSION = YES;
				CLANG_WARN_COMMA = YES;
				CLANG_WARN_CONSTANT_CONVERSION = YES;
				CLANG_WARN_DEPRECATED_OBJC_IMPLEMENTATIONS = YES;
				CLANG_WARN_DIRECT_OBJC_ISA_USAGE = YES_ERROR;
				CLANG_WARN_DOCUMENTATION_COMMENTS = YES;
				CLANG_WARN_EMPTY_BODY = YES;
				CLANG_WARN_ENUM_CONVERSION = YES;
				CLANG_WARN_INFINITE_RECURSION = YES;
				CLANG_WARN_INT_CONVERSION = YES;
				CLANG_WARN_NON_LITERAL_NULL_CONVERSION = YES;
				CLANG_WARN_OBJC_IMPLICIT_RETAIN_SELF = YES;
				CLANG_WARN_OBJC_LITERAL_CONVERSION = YES;
				CLANG_WARN_OBJC_ROOT_CLASS = YES_ERROR;
				CLANG_WARN_QUOTED_INCLUDE_IN_FRAMEWORK_HEADER = YES;
				CLANG_WARN_RANGE_LOOP_ANALYSIS = YES;
				CLANG_WARN_STRICT_PROTOTYPES = YES;
				CLANG_WARN_SUSPICIOUS_MOVE = YES;
				CLANG_WARN_UNGUARDED_AVAILABILITY = YES_AGGRESSIVE;
				CLANG_WARN_UNREACHABLE_CODE = YES;
				CLANG_WARN__DUPLICATE_METHOD_MATCH = YES;
				COPY_PHASE_STRIP = NO;
				DEBUG_INFORMATION_FORMAT = "dwarf-with-dsym";
				ENABLE_NS_ASSERTIONS = NO;
				ENABLE_STRICT_OBJC_MSGSEND = YES;
				ENABLE_USER_SCRIPT_SANDBOXING = YES;
				GCC_C_LANGUAGE_STANDARD = gnu17;
				GCC_NO_COMMON_BLOCKS = YES;
				GCC_WARN_64_TO_32_BIT_CONVERSION = YES;
				GCC_WARN_ABOUT_RETURN_TYPE = YES_ERROR;
				GCC_WARN_UNDECLARED_SELECTOR = YES;
				GCC_WARN_UNINITIALIZED_AUTOS = YES_AGGRESSIVE;
				GCC_WARN_UNUSED_FUNCTION = YES;
				GCC_WARN_UNUSED_VARIABLE = YES;
				IPHONEOS_DEPLOYMENT_TARGET = 18.2;
				LOCALIZATION_PREFERS_STRING_CATALOGS = YES;
				MTL_ENABLE_DEBUG_INFO = NO;
				MTL_FAST_MATH = YES;
				SDKROOT = iphoneos;
				SWIFT_COMPILATION_MODE = wholemodule;
				VALIDATE_PRODUCT = YES;
			};
			name = Release;
		};
		1889364D2D1EF8B8006DB0C1 /* Debug */ = {
			isa = XCBuildConfiguration;
			buildSettings = {
				ASSETCATALOG_COMPILER_APPICON_NAME = AppIcon;
				ASSETCATALOG_COMPILER_GLOBAL_ACCENT_COLOR_NAME = AccentColor;
				CODE_SIGN_STYLE = Automatic;
				CURRENT_PROJECT_VERSION = 1;
				DEVELOPMENT_ASSET_PATHS = "\"AppleShop/Preview Content\"";
				DEVELOPMENT_TEAM = CBGSLT23GC;
				ENABLE_PREVIEWS = YES;
				GENERATE_INFOPLIST_FILE = YES;
				INFOPLIST_KEY_UIApplicationSceneManifest_Generation = YES;
				INFOPLIST_KEY_UIApplicationSupportsIndirectInputEvents = YES;
				INFOPLIST_KEY_UILaunchScreen_Generation = YES;
				INFOPLIST_KEY_UISupportedInterfaceOrientations_iPad = "UIInterfaceOrientationPortrait UIInterfaceOrientationPortraitUpsideDown UIInterfaceOrientationLandscapeLeft UIInterfaceOrientationLandscapeRight";
				INFOPLIST_KEY_UISupportedInterfaceOrientations_iPhone = "UIInterfaceOrientationPortrait UIInterfaceOrientationLandscapeLeft UIInterfaceOrientationLandscapeRight";
				LD_RUNPATH_SEARCH_PATHS = (
					"$(inherited)",
					"@executable_path/Frameworks",
				);
				MARKETING_VERSION = 1.0;
				PRODUCT_BUNDLE_IDENTIFIER = Byan.AppleShop;
				PRODUCT_NAME = "$(TARGET_NAME)";
				SWIFT_EMIT_LOC_STRINGS = YES;
				SWIFT_VERSION = 5.0;
				TARGETED_DEVICE_FAMILY = "1,2";
			};
			name = Debug;
		};
		1889364E2D1EF8B8006DB0C1 /* Release */ = {
			isa = XCBuildConfiguration;
			buildSettings = {
				ASSETCATALOG_COMPILER_APPICON_NAME = AppIcon;
				ASSETCATALOG_COMPILER_GLOBAL_ACCENT_COLOR_NAME = AccentColor;
				CODE_SIGN_STYLE = Automatic;
				CURRENT_PROJECT_VERSION = 1;
				DEVELOPMENT_ASSET_PATHS = "\"AppleShop/Preview Content\"";
				DEVELOPMENT_TEAM = CBGSLT23GC;
				ENABLE_PREVIEWS = YES;
				GENERATE_INFOPLIST_FILE = YES;
				INFOPLIST_KEY_UIApplicationSceneManifest_Generation = YES;
				INFOPLIST_KEY_UIApplicationSupportsIndirectInputEvents = YES;
				INFOPLIST_KEY_UILaunchScreen_Generation = YES;
				INFOPLIST_KEY_UISupportedInterfaceOrientations_iPad = "UIInterfaceOrientationPortrait UIInterfaceOrientationPortraitUpsideDown UIInterfaceOrientationLandscapeLeft UIInterfaceOrientationLandscapeRight";
				INFOPLIST_KEY_UISupportedInterfaceOrientations_iPhone = "UIInterfaceOrientationPortrait UIInterfaceOrientationLandscapeLeft UIInterfaceOrientationLandscapeRight";
				LD_RUNPATH_SEARCH_PATHS = (
					"$(inherited)",
					"@executable_path/Frameworks",
				);
				MARKETING_VERSION = 1.0;
				PRODUCT_BUNDLE_IDENTIFIER = Byan.AppleShop;
				PRODUCT_NAME = "$(TARGET_NAME)";
				SWIFT_EMIT_LOC_STRINGS = YES;
				SWIFT_VERSION = 5.0;
				TARGETED_DEVICE_FAMILY = "1,2";
			};
			name = Release;
		};
		188936502D1EF8B8006DB0C1 /* Debug */ = {
			isa = XCBuildConfiguration;
			buildSettings = {
				BUNDLE_LOADER = "$(TEST_HOST)";
				CODE_SIGN_STYLE = Automatic;
				CURRENT_PROJECT_VERSION = 1;
				DEVELOPMENT_TEAM = CBGSLT23GC;
				GENERATE_INFOPLIST_FILE = YES;
				IPHONEOS_DEPLOYMENT_TARGET = 18.2;
				MARKETING_VERSION = 1.0;
				PRODUCT_BUNDLE_IDENTIFIER = Byan.AppleShopTests;
				PRODUCT_NAME = "$(TARGET_NAME)";
				SWIFT_EMIT_LOC_STRINGS = NO;
				SWIFT_VERSION = 5.0;
				TARGETED_DEVICE_FAMILY = "1,2";
				TEST_HOST = "$(BUILT_PRODUCTS_DIR)/AppleShop.app/$(BUNDLE_EXECUTABLE_FOLDER_PATH)/AppleShop";
			};
			name = Debug;
		};
		188936512D1EF8B8006DB0C1 /* Release */ = {
			isa = XCBuildConfiguration;
			buildSettings = {
				BUNDLE_LOADER = "$(TEST_HOST)";
				CODE_SIGN_STYLE = Automatic;
				CURRENT_PROJECT_VERSION = 1;
				DEVELOPMENT_TEAM = CBGSLT23GC;
				GENERATE_INFOPLIST_FILE = YES;
				IPHONEOS_DEPLOYMENT_TARGET = 18.2;
				MARKETING_VERSION = 1.0;
				PRODUCT_BUNDLE_IDENTIFIER = Byan.AppleShopTests;
				PRODUCT_NAME = "$(TARGET_NAME)";
				SWIFT_EMIT_LOC_STRINGS = NO;
				SWIFT_VERSION = 5.0;
				TARGETED_DEVICE_FAMILY = "1,2";
				TEST_HOST = "$(BUILT_PRODUCTS_DIR)/AppleShop.app/$(BUNDLE_EXECUTABLE_FOLDER_PATH)/AppleShop";
			};
			name = Release;
		};
		188936532D1EF8B8006DB0C1 /* Debug */ = {
			isa = XCBuildConfiguration;
			buildSettings = {
				CODE_SIGN_STYLE = Automatic;
				CURRENT_PROJECT_VERSION = 1;
				DEVELOPMENT_TEAM = CBGSLT23GC;
				GENERATE_INFOPLIST_FILE = YES;
				MARKETING_VERSION = 1.0;
				PRODUCT_BUNDLE_IDENTIFIER = Byan.AppleShopUITests;
				PRODUCT_NAME = "$(TARGET_NAME)";
				SWIFT_EMIT_LOC_STRINGS = NO;
				SWIFT_VERSION = 5.0;
				TARGETED_DEVICE_FAMILY = "1,2";
				TEST_TARGET_NAME = AppleShop;
			};
			name = Debug;
		};
		188936542D1EF8B8006DB0C1 /* Release */ = {
			isa = XCBuildConfiguration;
			buildSettings = {
				CODE_SIGN_STYLE = Automatic;
				CURRENT_PROJECT_VERSION = 1;
				DEVELOPMENT_TEAM = CBGSLT23GC;
				GENERATE_INFOPLIST_FILE = YES;
				MARKETING_VERSION = 1.0;
				PRODUCT_BUNDLE_IDENTIFIER = Byan.AppleShopUITests;
				PRODUCT_NAME = "$(TARGET_NAME)";
				SWIFT_EMIT_LOC_STRINGS = NO;
				SWIFT_VERSION = 5.0;
				TARGETED_DEVICE_FAMILY = "1,2";
				TEST_TARGET_NAME = AppleShop;
			};
			name = Release;
		};
/* End XCBuildConfiguration section */

/* Begin XCConfigurationList section */
		188936232D1EF8B6006DB0C1 /* Build configuration list for PBXProject "AppleShop" */ = {
			isa = XCConfigurationList;
			buildConfigurations = (
				1889364A2D1EF8B8006DB0C1 /* Debug */,
				1889364B2D1EF8B8006DB0C1 /* Release */,
			);
			defaultConfigurationIsVisible = 0;
			defaultConfigurationName = Release;
		};
		1889364C2D1EF8B8006DB0C1 /* Build configuration list for PBXNativeTarget "AppleShop" */ = {
			isa = XCConfigurationList;
			buildConfigurations = (
				1889364D2D1EF8B8006DB0C1 /* Debug */,
				1889364E2D1EF8B8006DB0C1 /* Release */,
			);
			defaultConfigurationIsVisible = 0;
			defaultConfigurationName = Release;
		};
		1889364F2D1EF8B8006DB0C1 /* Build configuration list for PBXNativeTarget "AppleShopTests" */ = {
			isa = XCConfigurationList;
			buildConfigurations = (
				188936502D1EF8B8006DB0C1 /* Debug */,
				188936512D1EF8B8006DB0C1 /* Release */,
			);
			defaultConfigurationIsVisible = 0;
			defaultConfigurationName = Release;
		};
		188936522D1EF8B8006DB0C1 /* Build configuration list for PBXNativeTarget "AppleShopUITests" */ = {
			isa = XCConfigurationList;
			buildConfigurations = (
				188936532D1EF8B8006DB0C1 /* Debug */,
				188936542D1EF8B8006DB0C1 /* Release */,
			);
			defaultConfigurationIsVisible = 0;
			defaultConfigurationName = Release;
		};
/* End XCConfigurationList section */
	};
	rootObject = 188936202D1EF8B6006DB0C1 /* Project object */;
}
